
Microsoft Visual Studio Solution File, Format Version 12.00
# Visual Studio Version 17
VisualStudioVersion = 17.2.32516.85
MinimumVisualStudioVersion = 10.0.40219.1
Project("{FAE04EC0-301F-11D3-BF4B-00C04F79EFBC}") = "BulkyBookWeb", "BulkyBookWeb\BulkyBookWeb.csproj", "{1434DA14-F9DD-4C02-B966-52AA90C76909}"
EndProject
Global
	GlobalSection(SolutionConfigurationPlatforms) = preSolution
		Debug|Any CPU = Debug|Any CPU
		Release|Any CPU = Release|Any CPU
	EndGlobalSection
	GlobalSection(ProjectConfigurationPlatforms) = postSolution
		{1434DA14-F9DD-4C02-B966-52AA90C76909}.Debug|Any CPU.ActiveCfg = Debug|Any CPU
		{1434DA14-F9DD-4C02-B966-52AA90C76909}.Debug|Any CPU.Build.0 = Debug|Any CPU
		{1434DA14-F9DD-4C02-B966-52AA90C76909}.Release|Any CPU.ActiveCfg = Release|Any CPU
		{1434DA14-F9DD-4C02-B966-52AA90C76909}.Release|Any CPU.Build.0 = Release|Any CPU
	EndGlobalSection
	GlobalSection(SolutionProperties) = preSolution
		HideSolutionNode = FALSE
	EndGlobalSection
	GlobalSection(ExtensibilityGlobals) = postSolution
		SolutionGuid = {C390E931-9914-458D-AA63-541BEA7D98AC}
	EndGlobalSection
EndGlobal
